
Microsoft Visual Studio Solution File, Format Version 12.00
# Visual Studio 2015
Project("{FAE04EC0-301F-11D3-BF4B-00C04F79EFBC}") = "Jørgens Dream.CSharp", "Jørgens Dream.CSharp.csproj", "{23D12A1E-AAEE-B3B8-52BF-69BBFCCAE7F8}"
EndProject
Global
	GlobalSection(SolutionConfigurationPlatforms) = preSolution
		Debug|Any CPU = Debug|Any CPU
		Release|Any CPU = Release|Any CPU
	EndGlobalSection
	GlobalSection(ProjectConfigurationPlatforms) = postSolution
		{23D12A1E-AAEE-B3B8-52BF-69BBFCCAE7F8}.Debug|Any CPU.ActiveCfg = Debug|Any CPU
		{23D12A1E-AAEE-B3B8-52BF-69BBFCCAE7F8}.Debug|Any CPU.Build.0 = Debug|Any CPU
		{23D12A1E-AAEE-B3B8-52BF-69BBFCCAE7F8}.Release|Any CPU.ActiveCfg = Release|Any CPU
		{23D12A1E-AAEE-B3B8-52BF-69BBFCCAE7F8}.Release|Any CPU.Build.0 = Release|Any CPU
	EndGlobalSection
	GlobalSection(SolutionProperties) = preSolution
		HideSolutionNode = FALSE
	EndGlobalSection
EndGlobal
